
Microsoft Visual Studio Solution File, Format Version 12.00
# Visual Studio Version 17
VisualStudioVersion = 17.11.35208.52
MinimumVisualStudioVersion = 10.0.40219.1
Project("{8BC9CEB8-8B4A-11D0-8D11-00A0C91BC942}") = "Tic-Tac-Toe", "Tic-Tac-Toe\Tic-Tac-Toe.vcxproj", "{A34CCA37-D4DD-460A-8C15-89524E0BB12A}"
EndProject
Global
	GlobalSection(SolutionConfigurationPlatforms) = preSolution
		Debug|x64 = Debug|x64
		Debug|x86 = Debug|x86
		Release|x64 = Release|x64
		Release|x86 = Release|x86
	EndGlobalSection
	GlobalSection(ProjectConfigurationPlatforms) = postSolution
		{A34CCA37-D4DD-460A-8C15-89524E0BB12A}.Debug|x64.ActiveCfg = Debug|x64
		{A34CCA37-D4DD-460A-8C15-89524E0BB12A}.Debug|x64.Build.0 = Debug|x64
		{A34CCA37-D4DD-460A-8C15-89524E0BB12A}.Debug|x86.ActiveCfg = Debug|Win32
		{A34CCA37-D4DD-460A-8C15-89524E0BB12A}.Debug|x86.Build.0 = Debug|Win32
		{A34CCA37-D4DD-460A-8C15-89524E0BB12A}.Release|x64.ActiveCfg = Release|x64
		{A34CCA37-D4DD-460A-8C15-89524E0BB12A}.Release|x64.Build.0 = Release|x64
		{A34CCA37-D4DD-460A-8C15-89524E0BB12A}.Release|x86.ActiveCfg = Release|Win32
		{A34CCA37-D4DD-460A-8C15-89524E0BB12A}.Release|x86.Build.0 = Release|Win32
	EndGlobalSection
	GlobalSection(SolutionProperties) = preSolution
		HideSolutionNode = FALSE
	EndGlobalSection
	GlobalSection(ExtensibilityGlobals) = postSolution
		SolutionGuid = {F9EBA804-DF9A-48A4-B692-6329BE441A8C}
	EndGlobalSection
EndGlobal
